PODS:
  - FBSnapshotTestCase (2.1.4):
    - FBSnapshotTestCase/SwiftSupport (= 2.1.4)
  - FBSnapshotTestCase/Core (2.1.4)
  - FBSnapshotTestCase/SwiftSupport (2.1.4):
    - FBSnapshotTestCase/Core
  - YYApplicationModule (0.0.1)

DEPENDENCIES:
  - FBSnapshotTestCase
  - YYApplicationModule (from `../`)

EXTERNAL SOURCES:
  YYApplicationModule:
    :path: ../

SPEC CHECKSUMS:
  FBSnapshotTestCase: 094f9f314decbabe373b87cc339bea235a63e07a
  YYApplicationModule: 8fefa3678d11e006ee74ba79e0e92c3ce3140d85

PODFILE CHECKSUM: 28112c871c27607d0fd2c199fc35ad673aaefbd5

COCOAPODS: 1.3.1
